
Microsoft Visual Studio Solution File, Format Version 12.00
# Visual Studio 15
VisualStudioVersion = 15.0.26730.12
MinimumVisualStudioVersion = 10.0.40219.1
Project("{9A19103F-16F7-4668-BE54-9A1E7A4F7556}") = "IdentityServer", "IdentityServer\IdentityServer.csproj", "{AD25749C-48A5-44B3-9E1B-4B4826D1325F}"
EndProject
Global
	GlobalSection(SolutionConfigurationPlatforms) = preSolution
		Debug|Any CPU = Debug|Any CPU
		Release|Any CPU = Release|Any CPU
	EndGlobalSection
	GlobalSection(ProjectConfigurationPlatforms) = postSolution
		{AD25749C-48A5-44B3-9E1B-4B4826D1325F}.Debug|Any CPU.ActiveCfg = Debug|Any CPU
		{AD25749C-48A5-44B3-9E1B-4B4826D1325F}.Debug|Any CPU.Build.0 = Debug|Any CPU
		{AD25749C-48A5-44B3-9E1B-4B4826D1325F}.Release|Any CPU.ActiveCfg = Release|Any CPU
		{AD25749C-48A5-44B3-9E1B-4B4826D1325F}.Release|Any CPU.Build.0 = Release|Any CPU
	EndGlobalSection
	GlobalSection(SolutionProperties) = preSolution
		HideSolutionNode = FALSE
	EndGlobalSection
	GlobalSection(ExtensibilityGlobals) = postSolution
		SolutionGuid = {68C5270F-5871-42C4-A364-5758E046687D}
	EndGlobalSection
EndGlobal
